{
    "_meta": {
        "hash": {
            "sha256": "62b79011716b67857f151615cd23d36a14d135ffc93f09ed81f6b3e3ca6f4a56"
        },
        "pipfile-spec": 6,
        "requires": {
            "python_version": "3.11"
        },
        "sources": [
            {
                "name": "pypi",
                "url": "https://pypi.org/simple",
                "verify_ssl": true
            }
        ]
    },
    "default": {},
    "develop": {}
}
